
Microsoft Visual Studio Solution File, Format Version 12.00
# Visual Studio Version 17
VisualStudioVersion = 17.4.33403.182
MinimumVisualStudioVersion = 10.0.40219.1
Project("{9A19103F-16F7-4668-BE54-9A1E7A4F7556}") = "cpu.console", "cpu.console\cpu.console.csproj", "{EAEDD10A-2A82-4C78-A960-5D35077ECC58}"
EndProject
Project("{FAE04EC0-301F-11D3-BF4B-00C04F79EFBC}") = "cpu", "cpu\cpu.csproj", "{126544EA-99C8-463B-B835-0390BD56CD97}"
EndProject
Project("{FAE04EC0-301F-11D3-BF4B-00C04F79EFBC}") = "cpu.test", "cpu.test\cpu.test.csproj", "{A83A465D-6A7B-4D50-9C4E-4704A464DAFE}"
EndProject
Global
	GlobalSection(SolutionConfigurationPlatforms) = preSolution
		Debug|Any CPU = Debug|Any CPU
		Release|Any CPU = Release|Any CPU
	EndGlobalSection
	GlobalSection(ProjectConfigurationPlatforms) = postSolution
		{EAEDD10A-2A82-4C78-A960-5D35077ECC58}.Debug|Any CPU.ActiveCfg = Debug|Any CPU
		{EAEDD10A-2A82-4C78-A960-5D35077ECC58}.Debug|Any CPU.Build.0 = Debug|Any CPU
		{EAEDD10A-2A82-4C78-A960-5D35077ECC58}.Release|Any CPU.ActiveCfg = Release|Any CPU
		{EAEDD10A-2A82-4C78-A960-5D35077ECC58}.Release|Any CPU.Build.0 = Release|Any CPU
		{126544EA-99C8-463B-B835-0390BD56CD97}.Debug|Any CPU.ActiveCfg = Debug|Any CPU
		{126544EA-99C8-463B-B835-0390BD56CD97}.Debug|Any CPU.Build.0 = Debug|Any CPU
		{126544EA-99C8-463B-B835-0390BD56CD97}.Release|Any CPU.ActiveCfg = Release|Any CPU
		{126544EA-99C8-463B-B835-0390BD56CD97}.Release|Any CPU.Build.0 = Release|Any CPU
		{A83A465D-6A7B-4D50-9C4E-4704A464DAFE}.Debug|Any CPU.ActiveCfg = Debug|Any CPU
		{A83A465D-6A7B-4D50-9C4E-4704A464DAFE}.Debug|Any CPU.Build.0 = Debug|Any CPU
		{A83A465D-6A7B-4D50-9C4E-4704A464DAFE}.Release|Any CPU.ActiveCfg = Release|Any CPU
		{A83A465D-6A7B-4D50-9C4E-4704A464DAFE}.Release|Any CPU.Build.0 = Release|Any CPU
	EndGlobalSection
	GlobalSection(SolutionProperties) = preSolution
		HideSolutionNode = FALSE
	EndGlobalSection
	GlobalSection(ExtensibilityGlobals) = postSolution
		SolutionGuid = {EFCADBF8-2D76-4082-8653-37A6893E6969}
	EndGlobalSection
EndGlobal
